
Microsoft Visual Studio Solution File, Format Version 12.00
# Visual Studio Version 17
VisualStudioVersion = 17.11.35303.130
MinimumVisualStudioVersion = 10.0.40219.1
Project("{8BC9CEB8-8B4A-11D0-8D11-00A0C91BC942}") = "Lab9.1", "Lab9.1\Lab9.1.vcxproj", "{73E984A5-91B0-46A3-B4D6-A4BBD66603F3}"
EndProject
Project("{8BC9CEB8-8B4A-11D0-8D11-00A0C91BC942}") = "UnitTest9.1", "UnitTest9.1\UnitTest9.1.vcxproj", "{52698986-EE4C-4D88-B9FD-5B06411727E1}"
EndProject
Global
	GlobalSection(SolutionConfigurationPlatforms) = preSolution
		Debug|x64 = Debug|x64
		Debug|x86 = Debug|x86
		Release|x64 = Release|x64
		Release|x86 = Release|x86
	EndGlobalSection
	GlobalSection(ProjectConfigurationPlatforms) = postSolution
		{73E984A5-91B0-46A3-B4D6-A4BBD66603F3}.Debug|x64.ActiveCfg = Debug|x64
		{73E984A5-91B0-46A3-B4D6-A4BBD66603F3}.Debug|x64.Build.0 = Debug|x64
		{73E984A5-91B0-46A3-B4D6-A4BBD66603F3}.Debug|x86.ActiveCfg = Debug|Win32
		{73E984A5-91B0-46A3-B4D6-A4BBD66603F3}.Debug|x86.Build.0 = Debug|Win32
		{73E984A5-91B0-46A3-B4D6-A4BBD66603F3}.Release|x64.ActiveCfg = Release|x64
		{73E984A5-91B0-46A3-B4D6-A4BBD66603F3}.Release|x64.Build.0 = Release|x64
		{73E984A5-91B0-46A3-B4D6-A4BBD66603F3}.Release|x86.ActiveCfg = Release|Win32
		{73E984A5-91B0-46A3-B4D6-A4BBD66603F3}.Release|x86.Build.0 = Release|Win32
		{52698986-EE4C-4D88-B9FD-5B06411727E1}.Debug|x64.ActiveCfg = Debug|x64
		{52698986-EE4C-4D88-B9FD-5B06411727E1}.Debug|x64.Build.0 = Debug|x64
		{52698986-EE4C-4D88-B9FD-5B06411727E1}.Debug|x86.ActiveCfg = Debug|Win32
		{52698986-EE4C-4D88-B9FD-5B06411727E1}.Debug|x86.Build.0 = Debug|Win32
		{52698986-EE4C-4D88-B9FD-5B06411727E1}.Release|x64.ActiveCfg = Release|x64
		{52698986-EE4C-4D88-B9FD-5B06411727E1}.Release|x64.Build.0 = Release|x64
		{52698986-EE4C-4D88-B9FD-5B06411727E1}.Release|x86.ActiveCfg = Release|Win32
		{52698986-EE4C-4D88-B9FD-5B06411727E1}.Release|x86.Build.0 = Release|Win32
	EndGlobalSection
	GlobalSection(SolutionProperties) = preSolution
		HideSolutionNode = FALSE
	EndGlobalSection
	GlobalSection(ExtensibilityGlobals) = postSolution
		SolutionGuid = {742C7C43-7D4A-47E0-9F72-61F5D045F8CF}
	EndGlobalSection
EndGlobal
